
Microsoft Visual Studio Solution File, Format Version 12.00
# Visual Studio 15
VisualStudioVersion = 15.0.28307.757
MinimumVisualStudioVersion = 10.0.40219.1
Project("{FAE04EC0-301F-11D3-BF4B-00C04F79EFBC}") = "WangJun.Mail", "WangJun.Mail\WangJun.Mail.csproj", "{A41F69D8-0E7A-4832-81E2-0280973EE1DE}"
EndProject
Project("{FAE04EC0-301F-11D3-BF4B-00C04F79EFBC}") = "WangJun.MailProcessor", "WangJun.MailProcessor\WangJun.MailProcessor.csproj", "{0F34D0B9-F9DF-412F-B0FC-CB65620FDEF6}"
EndProject
Project("{FAE04EC0-301F-11D3-BF4B-00C04F79EFBC}") = "WangJun.Common", "..\WangJunTuringAI2020\WangJun.Common\WangJun.Common.csproj", "{D2FE513E-355E-44BA-96FE-844970CF960D}"
EndProject
Global
	GlobalSection(SolutionConfigurationPlatforms) = preSolution
		Debug|Any CPU = Debug|Any CPU
		Release|Any CPU = Release|Any CPU
	EndGlobalSection
	GlobalSection(ProjectConfigurationPlatforms) = postSolution
		{A41F69D8-0E7A-4832-81E2-0280973EE1DE}.Debug|Any CPU.ActiveCfg = Debug|Any CPU
		{A41F69D8-0E7A-4832-81E2-0280973EE1DE}.Debug|Any CPU.Build.0 = Debug|Any CPU
		{A41F69D8-0E7A-4832-81E2-0280973EE1DE}.Release|Any CPU.ActiveCfg = Release|Any CPU
		{A41F69D8-0E7A-4832-81E2-0280973EE1DE}.Release|Any CPU.Build.0 = Release|Any CPU
		{0F34D0B9-F9DF-412F-B0FC-CB65620FDEF6}.Debug|Any CPU.ActiveCfg = Debug|Any CPU
		{0F34D0B9-F9DF-412F-B0FC-CB65620FDEF6}.Debug|Any CPU.Build.0 = Debug|Any CPU
		{0F34D0B9-F9DF-412F-B0FC-CB65620FDEF6}.Release|Any CPU.ActiveCfg = Release|Any CPU
		{0F34D0B9-F9DF-412F-B0FC-CB65620FDEF6}.Release|Any CPU.Build.0 = Release|Any CPU
		{D2FE513E-355E-44BA-96FE-844970CF960D}.Debug|Any CPU.ActiveCfg = Debug|Any CPU
		{D2FE513E-355E-44BA-96FE-844970CF960D}.Debug|Any CPU.Build.0 = Debug|Any CPU
		{D2FE513E-355E-44BA-96FE-844970CF960D}.Release|Any CPU.ActiveCfg = Release|Any CPU
		{D2FE513E-355E-44BA-96FE-844970CF960D}.Release|Any CPU.Build.0 = Release|Any CPU
	EndGlobalSection
	GlobalSection(SolutionProperties) = preSolution
		HideSolutionNode = FALSE
	EndGlobalSection
	GlobalSection(ExtensibilityGlobals) = postSolution
		SolutionGuid = {B6B58D77-B3ED-4BFE-B61B-C601A05DEB88}
	EndGlobalSection
EndGlobal
